
Microsoft Visual Studio Solution File, Format Version 12.00
# Visual Studio 15
VisualStudioVersion = 15.0.28010.2003
MinimumVisualStudioVersion = 10.0.40219.1
Project("{FAE04EC0-301F-11D3-BF4B-00C04F79EFBC}") = "App02_TipoPaginaXF.Android", "App02_TipoPaginaXF\App02_TipoPaginaXF.Android\App02_TipoPaginaXF.Android.csproj", "{6F62FDED-415E-4FB6-B2B2-D0C0F3449B2C}"
EndProject
Project("{FAE04EC0-301F-11D3-BF4B-00C04F79EFBC}") = "App02_TipoPaginaXF.iOS", "App02_TipoPaginaXF\App02_TipoPaginaXF.iOS\App02_TipoPaginaXF.iOS.csproj", "{6313C2CA-680E-436F-93CF-BEF74F33E39B}"
EndProject
Project("{FAE04EC0-301F-11D3-BF4B-00C04F79EFBC}") = "App02_TipoPaginaXF.UWP", "App02_TipoPaginaXF\App02_TipoPaginaXF.UWP\App02_TipoPaginaXF.UWP.csproj", "{2ADB3F86-0DB4-4B5D-AC5C-EF4AEFC0E6E1}"
EndProject
Project("{FAE04EC0-301F-11D3-BF4B-00C04F79EFBC}") = "App02_TipoPaginaXF", "App02_TipoPaginaXF\App02_TipoPaginaXF\App02_TipoPaginaXF.csproj", "{FDBF6091-72F5-446E-8EF0-1D5FE21259DC}"
EndProject
Global
	GlobalSection(SolutionConfigurationPlatforms) = preSolution
		Ad-Hoc|Any CPU = Ad-Hoc|Any CPU
		Ad-Hoc|ARM = Ad-Hoc|ARM
		Ad-Hoc|iPhone = Ad-Hoc|iPhone
		Ad-Hoc|iPhoneSimulator = Ad-Hoc|iPhoneSimulator
		Ad-Hoc|x64 = Ad-Hoc|x64
		Ad-Hoc|x86 = Ad-Hoc|x86
		AppStore|Any CPU = AppStore|Any CPU
		AppStore|ARM = AppStore|ARM
		AppStore|iPhone = AppStore|iPhone
		AppStore|iPhoneSimulator = AppStore|iPhoneSimulator
		AppStore|x64 = AppStore|x64
		AppStore|x86 = AppStore|x86
		Debug|Any CPU = Debug|Any CPU
		Debug|ARM = Debug|ARM
		Debug|iPhone = Debug|iPhone
		Debug|iPhoneSimulator = Debug|iPhoneSimulator
		Debug|x64 = Debug|x64
		Debug|x86 = Debug|x86
		Release|Any CPU = Release|Any CPU
		Release|ARM = Release|ARM
		Release|iPhone = Release|iPhone
		Release|iPhoneSimulator = Release|iPhoneSimulator
		Release|x64 = Release|x64
		Release|x86 = Release|x86
	EndGlobalSection
	GlobalSection(ProjectConfigurationPlatforms) = postSolution
		{6F62FDED-415E-4FB6-B2B2-D0C0F3449B2C}.Ad-Hoc|Any CPU.ActiveCfg = Release|Any CPU
		{6F62FDED-415E-4FB6-B2B2-D0C0F3449B2C}.Ad-Hoc|Any CPU.Build.0 = Release|Any CPU
		{6F62FDED-415E-4FB6-B2B2-D0C0F3449B2C}.Ad-Hoc|Any CPU.Deploy.0 = Release|Any CPU
		{6F62FDED-415E-4FB6-B2B2-D0C0F3449B2C}.Ad-Hoc|ARM.ActiveCfg = Release|Any CPU
		{6F62FDED-415E-4FB6-B2B2-D0C0F3449B2C}.Ad-Hoc|ARM.Build.0 = Release|Any CPU
		{6F62FDED-415E-4FB6-B2B2-D0C0F3449B2C}.Ad-Hoc|ARM.Deploy.0 = Release|Any CPU
		{6F62FDED-415E-4FB6-B2B2-D0C0F3449B2C}.Ad-Hoc|iPhone.ActiveCfg = Release|Any CPU
		{6F62FDED-415E-4FB6-B2B2-D0C0F3449B2C}.Ad-Hoc|iPhone.Build.0 = Release|Any CPU
		{6F62FDED-415E-4FB6-B2B2-D0C0F3449B2C}.Ad-Hoc|iPhone.Deploy.0 = Release|Any CPU
		{6F62FDED-415E-4FB6-B2B2-D0C0F3449B2C}.Ad-Hoc|iPhoneSimulator.ActiveCfg = Release|Any CPU
		{6F62FDED-415E-4FB6-B2B2-D0C0F3449B2C}.Ad-Hoc|iPhoneSimulator.Build.0 = Release|Any CPU
		{6F62FDED-415E-4FB6-B2B2-D0C0F3449B2C}.Ad-Hoc|iPhoneSimulator.Deploy.0 = Release|Any CPU
		{6F62FDED-415E-4FB6-B2B2-D0C0F3449B2C}.Ad-Hoc|x64.ActiveCfg = Release|Any CPU
		{6F62FDED-415E-4FB6-B2B2-D0C0F3449B2C}.Ad-Hoc|x64.Build.0 = Release|Any CPU
		{6F62FDED-415E-4FB6-B2B2-D0C0F3449B2C}.Ad-Hoc|x64.Deploy.0 = Release|Any CPU
		{6F62FDED-415E-4FB6-B2B2-D0C0F3449B2C}.Ad-Hoc|x86.ActiveCfg = Release|Any CPU
		{6F62FDED-415E-4FB6-B2B2-D0C0F3449B2C}.Ad-Hoc|x86.Build.0 = Release|Any CPU
		{6F62FDED-415E-4FB6-B2B2-D0C0F3449B2C}.Ad-Hoc|x86.Deploy.0 = Release|Any CPU
		{6F62FDED-415E-4FB6-B2B2-D0C0F3449B2C}.AppStore|Any CPU.ActiveCfg = Release|Any CPU
		{6F62FDED-415E-4FB6-B2B2-D0C0F3449B2C}.AppStore|Any CPU.Build.0 = Release|Any CPU
		{6F62FDED-415E-4FB6-B2B2-D0C0F3449B2C}.AppStore|Any CPU.Deploy.0 = Release|Any CPU
		{6F62FDED-415E-4FB6-B2B2-D0C0F3449B2C}.AppStore|ARM.ActiveCfg = Release|Any CPU
		{6F62FDED-415E-4FB6-B2B2-D0C0F3449B2C}.AppStore|ARM.Build.0 = Release|Any CPU
		{6F62FDED-415E-4FB6-B2B2-D0C0F3449B2C}.AppStore|ARM.Deploy.0 = Release|Any CPU
		{6F62FDED-415E-4FB6-B2B2-D0C0F3449B2C}.AppStore|iPhone.ActiveCfg = Release|Any CPU
		{6F62FDED-415E-4FB6-B2B2-D0C0F3449B2C}.AppStore|iPhone.Build.0 = Release|Any CPU
		{6F62FDED-415E-4FB6-B2B2-D0C0F3449B2C}.AppStore|iPhone.Deploy.0 = Release|Any CPU
		{6F62FDED-415E-4FB6-B2B2-D0C0F3449B2C}.AppStore|iPhoneSimulator.ActiveCfg = Release|Any CPU
		{6F62FDED-415E-4FB6-B2B2-D0C0F3449B2C}.AppStore|iPhoneSimulator.Build.0 = Release|Any CPU
		{6F62FDED-415E-4FB6-B2B2-D0C0F3449B2C}.AppStore|iPhoneSimulator.Deploy.0 = Release|Any CPU
		{6F62FDED-415E-4FB6-B2B2-D0C0F3449B2C}.AppStore|x64.ActiveCfg = Release|Any CPU
		{6F62FDED-415E-4FB6-B2B2-D0C0F3449B2C}.AppStore|x64.Build.0 = Release|Any CPU
		{6F62FDED-415E-4FB6-B2B2-D0C0F3449B2C}.AppStore|x64.Deploy.0 = Release|Any CPU
		{6F62FDED-415E-4FB6-B2B2-D0C0F3449B2C}.AppStore|x86.ActiveCfg = Release|Any CPU
		{6F62FDED-415E-4FB6-B2B2-D0C0F3449B2C}.AppStore|x86.Build.0 = Release|Any CPU
		{6F62FDED-415E-4FB6-B2B2-D0C0F3449B2C}.AppStore|x86.Deploy.0 = Release|Any CPU
		{6F62FDED-415E-4FB6-B2B2-D0C0F3449B2C}.Debug|Any CPU.ActiveCfg = Debug|Any CPU
		{6F62FDED-415E-4FB6-B2B2-D0C0F3449B2C}.Debug|Any CPU.Build.0 = Debug|Any CPU
		{6F62FDED-415E-4FB6-B2B2-D0C0F3449B2C}.Debug|Any CPU.Deploy.0 = Debug|Any CPU
		{6F62FDED-415E-4FB6-B2B2-D0C0F3449B2C}.Debug|ARM.ActiveCfg = Debug|Any CPU
		{6F62FDED-415E-4FB6-B2B2-D0C0F3449B2C}.Debug|ARM.Build.0 = Debug|Any CPU
		{6F62FDED-415E-4FB6-B2B2-D0C0F3449B2C}.Debug|ARM.Deploy.0 = Debug|Any CPU
		{6F62FDED-415E-4FB6-B2B2-D0C0F3449B2C}.Debug|iPhone.ActiveCfg = Debug|Any CPU
		{6F62FDED-415E-4FB6-B2B2-D0C0F3449B2C}.Debug|iPhone.Build.0 = Debug|Any CPU
		{6F62FDED-415E-4FB6-B2B2-D0C0F3449B2C}.Debug|iPhone.Deploy.0 = Debug|Any CPU
		{6F62FDED-415E-4FB6-B2B2-D0C0F3449B2C}.Debug|iPhoneSimulator.ActiveCfg = Debug|Any CPU
		{6F62FDED-415E-4FB6-B2B2-D0C0F3449B2C}.Debug|iPhoneSimulator.Build.0 = Debug|Any CPU
		{6F62FDED-415E-4FB6-B2B2-D0C0F3449B2C}.Debug|iPhoneSimulator.Deploy.0 = Debug|Any CPU
		{6F62FDED-415E-4FB6-B2B2-D0C0F3449B2C}.Debug|x64.ActiveCfg = Debug|Any CPU
		{6F62FDED-415E-4FB6-B2B2-D0C0F3449B2C}.Debug|x64.Build.0 = Debug|Any CPU
		{6F62FDED-415E-4FB6-B2B2-D0C0F3449B2C}.Debug|x64.Deploy.0 = Debug|Any CPU
		{6F62FDED-415E-4FB6-B2B2-D0C0F3449B2C}.Debug|x86.ActiveCfg = Debug|Any CPU
		{6F62FDED-415E-4FB6-B2B2-D0C0F3449B2C}.Debug|x86.Build.0 = Debug|Any CPU
		{6F62FDED-415E-4FB6-B2B2-D0C0F3449B2C}.Debug|x86.Deploy.0 = Debug|Any CPU
		{6F62FDED-415E-4FB6-B2B2-D0C0F3449B2C}.Release|Any CPU.ActiveCfg = Release|Any CPU
		{6F62FDED-415E-4FB6-B2B2-D0C0F3449B2C}.Release|Any CPU.Build.0 = Release|Any CPU
		{6F62FDED-415E-4FB6-B2B2-D0C0F3449B2C}.Release|Any CPU.Deploy.0 = Release|Any CPU
		{6F62FDED-415E-4FB6-B2B2-D0C0F3449B2C}.Release|ARM.ActiveCfg = Release|Any CPU
		{6F62FDED-415E-4FB6-B2B2-D0C0F3449B2C}.Release|ARM.Build.0 = Release|Any CPU
		{6F62FDED-415E-4FB6-B2B2-D0C0F3449B2C}.Release|ARM.Deploy.0 = Release|Any CPU
		{6F62FDED-415E-4FB6-B2B2-D0C0F3449B2C}.Release|iPhone.ActiveCfg = Release|Any CPU
		{6F62FDED-415E-4FB6-B2B2-D0C0F3449B2C}.Release|iPhone.Build.0 = Release|Any CPU
		{6F62FDED-415E-4FB6-B2B2-D0C0F3449B2C}.Release|iPhone.Deploy.0 = Release|Any CPU
		{6F62FDED-415E-4FB6-B2B2-D0C0F3449B2C}.Release|iPhoneSimulator.ActiveCfg = Release|Any CPU
		{6F62FDED-415E-4FB6-B2B2-D0C0F3449B2C}.Release|iPhoneSimulator.Build.0 = Release|Any CPU
		{6F62FDED-415E-4FB6-B2B2-D0C0F3449B2C}.Release|iPhoneSimulator.Deploy.0 = Release|Any CPU
		{6F62FDED-415E-4FB6-B2B2-D0C0F3449B2C}.Release|x64.ActiveCfg = Release|Any CPU
		{6F62FDED-415E-4FB6-B2B2-D0C0F3449B2C}.Release|x64.Build.0 = Release|Any CPU
		{6F62FDED-415E-4FB6-B2B2-D0C0F3449B2C}.Release|x64.Deploy.0 = Release|Any CPU
		{6F62FDED-415E-4FB6-B2B2-D0C0F3449B2C}.Release|x86.ActiveCfg = Release|Any CPU
		{6F62FDED-415E-4FB6-B2B2-D0C0F3449B2C}.Release|x86.Build.0 = Release|Any CPU
		{6F62FDED-415E-4FB6-B2B2-D0C0F3449B2C}.Release|x86.Deploy.0 = Release|Any CPU
		{6313C2CA-680E-436F-93CF-BEF74F33E39B}.Ad-Hoc|Any CPU.ActiveCfg = Ad-Hoc|iPhone
		{6313C2CA-680E-436F-93CF-BEF74F33E39B}.Ad-Hoc|Any CPU.Build.0 = Ad-Hoc|iPhone
		{6313C2CA-680E-436F-93CF-BEF74F33E39B}.Ad-Hoc|Any CPU.Deploy.0 = Ad-Hoc|iPhone
		{6313C2CA-680E-436F-93CF-BEF74F33E39B}.Ad-Hoc|ARM.ActiveCfg = Ad-Hoc|iPhone
		{6313C2CA-680E-436F-93CF-BEF74F33E39B}.Ad-Hoc|ARM.Build.0 = Ad-Hoc|iPhone
		{6313C2CA-680E-436F-93CF-BEF74F33E39B}.Ad-Hoc|ARM.Deploy.0 = Ad-Hoc|iPhone
		{6313C2CA-680E-436F-93CF-BEF74F33E39B}.Ad-Hoc|iPhone.ActiveCfg = Ad-Hoc|iPhone
		{6313C2CA-680E-436F-93CF-BEF74F33E39B}.Ad-Hoc|iPhone.Build.0 = Ad-Hoc|iPhone
		{6313C2CA-680E-436F-93CF-BEF74F33E39B}.Ad-Hoc|iPhone.Deploy.0 = Ad-Hoc|iPhone
		{6313C2CA-680E-436F-93CF-BEF74F33E39B}.Ad-Hoc|iPhoneSimulator.ActiveCfg = Ad-Hoc|iPhoneSimulator
		{6313C2CA-680E-436F-93CF-BEF74F33E39B}.Ad-Hoc|iPhoneSimulator.Build.0 = Ad-Hoc|iPhoneSimulator
		{6313C2CA-680E-436F-93CF-BEF74F33E39B}.Ad-Hoc|iPhoneSimulator.Deploy.0 = Ad-Hoc|iPhoneSimulator
		{6313C2CA-680E-436F-93CF-BEF74F33E39B}.Ad-Hoc|x64.ActiveCfg = Ad-Hoc|iPhone
		{6313C2CA-680E-436F-93CF-BEF74F33E39B}.Ad-Hoc|x64.Build.0 = Ad-Hoc|iPhone
		{6313C2CA-680E-436F-93CF-BEF74F33E39B}.Ad-Hoc|x64.Deploy.0 = Ad-Hoc|iPhone
		{6313C2CA-680E-436F-93CF-BEF74F33E39B}.Ad-Hoc|x86.ActiveCfg = Ad-Hoc|iPhone
		{6313C2CA-680E-436F-93CF-BEF74F33E39B}.Ad-Hoc|x86.Build.0 = Ad-Hoc|iPhone
		{6313C2CA-680E-436F-93CF-BEF74F33E39B}.Ad-Hoc|x86.Deploy.0 = Ad-Hoc|iPhone
		{6313C2CA-680E-436F-93CF-BEF74F33E39B}.AppStore|Any CPU.ActiveCfg = AppStore|iPhone
		{6313C2CA-680E-436F-93CF-BEF74F33E39B}.AppStore|Any CPU.Build.0 = AppStore|iPhone
		{6313C2CA-680E-436F-93CF-BEF74F33E39B}.AppStore|Any CPU.Deploy.0 = AppStore|iPhone
		{6313C2CA-680E-436F-93CF-BEF74F33E39B}.AppStore|ARM.ActiveCfg = AppStore|iPhone
		{6313C2CA-680E-436F-93CF-BEF74F33E39B}.AppStore|ARM.Build.0 = AppStore|iPhone
		{6313C2CA-680E-436F-93CF-BEF74F33E39B}.AppStore|ARM.Deploy.0 = AppStore|iPhone
		{6313C2CA-680E-436F-93CF-BEF74F33E39B}.AppStore|iPhone.ActiveCfg = AppStore|iPhone
		{6313C2CA-680E-436F-93CF-BEF74F33E39B}.AppStore|iPhone.Build.0 = AppStore|iPhone
		{6313C2CA-680E-436F-93CF-BEF74F33E39B}.AppStore|iPhone.Deploy.0 = AppStore|iPhone
		{6313C2CA-680E-436F-93CF-BEF74F33E39B}.AppStore|iPhoneSimulator.ActiveCfg = AppStore|iPhoneSimulator
		{6313C2CA-680E-436F-93CF-BEF74F33E39B}.AppStore|iPhoneSimulator.Build.0 = AppStore|iPhoneSimulator
		{6313C2CA-680E-436F-93CF-BEF74F33E39B}.AppStore|iPhoneSimulator.Deploy.0 = AppStore|iPhoneSimulator
		{6313C2CA-680E-436F-93CF-BEF74F33E39B}.AppStore|x64.ActiveCfg = AppStore|iPhone
		{6313C2CA-680E-436F-93CF-BEF74F33E39B}.AppStore|x64.Build.0 = AppStore|iPhone
		{6313C2CA-680E-436F-93CF-BEF74F33E39B}.AppStore|x64.Deploy.0 = AppStore|iPhone
		{6313C2CA-680E-436F-93CF-BEF74F33E39B}.AppStore|x86.ActiveCfg = AppStore|iPhone
		{6313C2CA-680E-436F-93CF-BEF74F33E39B}.AppStore|x86.Build.0 = AppStore|iPhone
		{6313C2CA-680E-436F-93CF-BEF74F33E39B}.AppStore|x86.Deploy.0 = AppStore|iPhone
		{6313C2CA-680E-436F-93CF-BEF74F33E39B}.Debug|Any CPU.ActiveCfg = Debug|iPhoneSimulator
		{6313C2CA-680E-436F-93CF-BEF74F33E39B}.Debug|Any CPU.Build.0 = Debug|iPhoneSimulator
		{6313C2CA-680E-436F-93CF-BEF74F33E39B}.Debug|Any CPU.Deploy.0 = Debug|iPhoneSimulator
		{6313C2CA-680E-436F-93CF-BEF74F33E39B}.Debug|ARM.ActiveCfg = Debug|iPhone
		{6313C2CA-680E-436F-93CF-BEF74F33E39B}.Debug|ARM.Build.0 = Debug|iPhone
		{6313C2CA-680E-436F-93CF-BEF74F33E39B}.Debug|ARM.Deploy.0 = Debug|iPhone
		{6313C2CA-680E-436F-93CF-BEF74F33E39B}.Debug|iPhone.ActiveCfg = Debug|iPhone
		{6313C2CA-680E-436F-93CF-BEF74F33E39B}.Debug|iPhone.Build.0 = Debug|iPhone
		{6313C2CA-680E-436F-93CF-BEF74F33E39B}.Debug|iPhone.Deploy.0 = Debug|iPhone
		{6313C2CA-680E-436F-93CF-BEF74F33E39B}.Debug|iPhoneSimulator.ActiveCfg = Debug|iPhoneSimulator
		{6313C2CA-680E-436F-93CF-BEF74F33E39B}.Debug|iPhoneSimulator.Build.0 = Debug|iPhoneSimulator
		{6313C2CA-680E-436F-93CF-BEF74F33E39B}.Debug|iPhoneSimulator.Deploy.0 = Debug|iPhoneSimulator
		{6313C2CA-680E-436F-93CF-BEF74F33E39B}.Debug|x64.ActiveCfg = Debug|iPhone
		{6313C2CA-680E-436F-93CF-BEF74F33E39B}.Debug|x64.Build.0 = Debug|iPhone
		{6313C2CA-680E-436F-93CF-BEF74F33E39B}.Debug|x64.Deploy.0 = Debug|iPhone
		{6313C2CA-680E-436F-93CF-BEF74F33E39B}.Debug|x86.ActiveCfg = Debug|iPhone
		{6313C2CA-680E-436F-93CF-BEF74F33E39B}.Debug|x86.Build.0 = Debug|iPhone
		{6313C2CA-680E-436F-93CF-BEF74F33E39B}.Debug|x86.Deploy.0 = Debug|iPhone
		{6313C2CA-680E-436F-93CF-BEF74F33E39B}.Release|Any CPU.ActiveCfg = Release|iPhone
		{6313C2CA-680E-436F-93CF-BEF74F33E39B}.Release|Any CPU.Build.0 = Release|iPhone
		{6313C2CA-680E-436F-93CF-BEF74F33E39B}.Release|Any CPU.Deploy.0 = Release|iPhone
		{6313C2CA-680E-436F-93CF-BEF74F33E39B}.Release|ARM.ActiveCfg = Release|iPhone
		{6313C2CA-680E-436F-93CF-BEF74F33E39B}.Release|ARM.Build.0 = Release|iPhone
		{6313C2CA-680E-436F-93CF-BEF74F33E39B}.Release|ARM.Deploy.0 = Release|iPhone
		{6313C2CA-680E-436F-93CF-BEF74F33E39B}.Release|iPhone.ActiveCfg = Release|iPhone
		{6313C2CA-680E-436F-93CF-BEF74F33E39B}.Release|iPhone.Build.0 = Release|iPhone
		{6313C2CA-680E-436F-93CF-BEF74F33E39B}.Release|iPhone.Deploy.0 = Release|iPhone
		{6313C2CA-680E-436F-93CF-BEF74F33E39B}.Release|iPhoneSimulator.ActiveCfg = Release|iPhoneSimulator
		{6313C2CA-680E-436F-93CF-BEF74F33E39B}.Release|iPhoneSimulator.Build.0 = Release|iPhoneSimulator
		{6313C2CA-680E-436F-93CF-BEF74F33E39B}.Release|iPhoneSimulator.Deploy.0 = Release|iPhoneSimulator
		{6313C2CA-680E-436F-93CF-BEF74F33E39B}.Release|x64.ActiveCfg = Release|iPhone
		{6313C2CA-680E-436F-93CF-BEF74F33E39B}.Release|x64.Build.0 = Release|iPhone
		{6313C2CA-680E-436F-93CF-BEF74F33E39B}.Release|x64.Deploy.0 = Release|iPhone
		{6313C2CA-680E-436F-93CF-BEF74F33E39B}.Release|x86.ActiveCfg = Release|iPhone
		{6313C2CA-680E-436F-93CF-BEF74F33E39B}.Release|x86.Build.0 = Release|iPhone
		{6313C2CA-680E-436F-93CF-BEF74F33E39B}.Release|x86.Deploy.0 = Release|iPhone
		{2ADB3F86-0DB4-4B5D-AC5C-EF4AEFC0E6E1}.Ad-Hoc|Any CPU.ActiveCfg = Release|x86
		{2ADB3F86-0DB4-4B5D-AC5C-EF4AEFC0E6E1}.Ad-Hoc|Any CPU.Build.0 = Release|x86
		{2ADB3F86-0DB4-4B5D-AC5C-EF4AEFC0E6E1}.Ad-Hoc|Any CPU.Deploy.0 = Release|x86
		{2ADB3F86-0DB4-4B5D-AC5C-EF4AEFC0E6E1}.Ad-Hoc|ARM.ActiveCfg = Release|ARM
		{2ADB3F86-0DB4-4B5D-AC5C-EF4AEFC0E6E1}.Ad-Hoc|ARM.Build.0 = Release|ARM
		{2ADB3F86-0DB4-4B5D-AC5C-EF4AEFC0E6E1}.Ad-Hoc|ARM.Deploy.0 = Release|ARM
		{2ADB3F86-0DB4-4B5D-AC5C-EF4AEFC0E6E1}.Ad-Hoc|iPhone.ActiveCfg = Release|x86
		{2ADB3F86-0DB4-4B5D-AC5C-EF4AEFC0E6E1}.Ad-Hoc|iPhone.Build.0 = Release|x86
		{2ADB3F86-0DB4-4B5D-AC5C-EF4AEFC0E6E1}.Ad-Hoc|iPhone.Deploy.0 = Release|x86
		{2ADB3F86-0DB4-4B5D-AC5C-EF4AEFC0E6E1}.Ad-Hoc|iPhoneSimulator.ActiveCfg = Release|x86
		{2ADB3F86-0DB4-4B5D-AC5C-EF4AEFC0E6E1}.Ad-Hoc|iPhoneSimulator.Build.0 = Release|x86
		{2ADB3F86-0DB4-4B5D-AC5C-EF4AEFC0E6E1}.Ad-Hoc|iPhoneSimulator.Deploy.0 = Release|x86
		{2ADB3F86-0DB4-4B5D-AC5C-EF4AEFC0E6E1}.Ad-Hoc|x64.ActiveCfg = Release|x64
		{2ADB3F86-0DB4-4B5D-AC5C-EF4AEFC0E6E1}.Ad-Hoc|x64.Build.0 = Release|x64
		{2ADB3F86-0DB4-4B5D-AC5C-EF4AEFC0E6E1}.Ad-Hoc|x64.Deploy.0 = Release|x64
		{2ADB3F86-0DB4-4B5D-AC5C-EF4AEFC0E6E1}.Ad-Hoc|x86.ActiveCfg = Release|x86
		{2ADB3F86-0DB4-4B5D-AC5C-EF4AEFC0E6E1}.Ad-Hoc|x86.Build.0 = Release|x86
		{2ADB3F86-0DB4-4B5D-AC5C-EF4AEFC0E6E1}.Ad-Hoc|x86.Deploy.0 = Release|x86
		{2ADB3F86-0DB4-4B5D-AC5C-EF4AEFC0E6E1}.AppStore|Any CPU.ActiveCfg = Release|x86
		{2ADB3F86-0DB4-4B5D-AC5C-EF4AEFC0E6E1}.AppStore|Any CPU.Build.0 = Release|x86
		{2ADB3F86-0DB4-4B5D-AC5C-EF4AEFC0E6E1}.AppStore|Any CPU.Deploy.0 = Release|x86
		{2ADB3F86-0DB4-4B5D-AC5C-EF4AEFC0E6E1}.AppStore|ARM.ActiveCfg = Release|ARM
		{2ADB3F86-0DB4-4B5D-AC5C-EF4AEFC0E6E1}.AppStore|ARM.Build.0 = Release|ARM
		{2ADB3F86-0DB4-4B5D-AC5C-EF4AEFC0E6E1}.AppStore|ARM.Deploy.0 = Release|ARM
		{2ADB3F86-0DB4-4B5D-AC5C-EF4AEFC0E6E1}.AppStore|iPhone.ActiveCfg = Release|x86
		{2ADB3F86-0DB4-4B5D-AC5C-EF4AEFC0E6E1}.AppStore|iPhone.Build.0 = Release|x86
		{2ADB3F86-0DB4-4B5D-AC5C-EF4AEFC0E6E1}.AppStore|iPhone.Deploy.0 = Release|x86
		{2ADB3F86-0DB4-4B5D-AC5C-EF4AEFC0E6E1}.AppStore|iPhoneSimulator.ActiveCfg = Release|x86
		{2ADB3F86-0DB4-4B5D-AC5C-EF4AEFC0E6E1}.AppStore|iPhoneSimulator.Build.0 = Release|x86
		{2ADB3F86-0DB4-4B5D-AC5C-EF4AEFC0E6E1}.AppStore|iPhoneSimulator.Deploy.0 = Release|x86
		{2ADB3F86-0DB4-4B5D-AC5C-EF4AEFC0E6E1}.AppStore|x64.ActiveCfg = Release|x64
		{2ADB3F86-0DB4-4B5D-AC5C-EF4AEFC0E6E1}.AppStore|x64.Build.0 = Release|x64
		{2ADB3F86-0DB4-4B5D-AC5C-EF4AEFC0E6E1}.AppStore|x64.Deploy.0 = Release|x64
		{2ADB3F86-0DB4-4B5D-AC5C-EF4AEFC0E6E1}.AppStore|x86.ActiveCfg = Release|x86
		{2ADB3F86-0DB4-4B5D-AC5C-EF4AEFC0E6E1}.AppStore|x86.Build.0 = Release|x86
		{2ADB3F86-0DB4-4B5D-AC5C-EF4AEFC0E6E1}.AppStore|x86.Deploy.0 = Release|x86
		{2ADB3F86-0DB4-4B5D-AC5C-EF4AEFC0E6E1}.Debug|Any CPU.ActiveCfg = Debug|x86
		{2ADB3F86-0DB4-4B5D-AC5C-EF4AEFC0E6E1}.Debug|Any CPU.Build.0 = Debug|x86
		{2ADB3F86-0DB4-4B5D-AC5C-EF4AEFC0E6E1}.Debug|Any CPU.Deploy.0 = Debug|x86
		{2ADB3F86-0DB4-4B5D-AC5C-EF4AEFC0E6E1}.Debug|ARM.ActiveCfg = Debug|ARM
		{2ADB3F86-0DB4-4B5D-AC5C-EF4AEFC0E6E1}.Debug|ARM.Build.0 = Debug|ARM
		{2ADB3F86-0DB4-4B5D-AC5C-EF4AEFC0E6E1}.Debug|ARM.Deploy.0 = Debug|ARM
		{2ADB3F86-0DB4-4B5D-AC5C-EF4AEFC0E6E1}.Debug|iPhone.ActiveCfg = Debug|x86
		{2ADB3F86-0DB4-4B5D-AC5C-EF4AEFC0E6E1}.Debug|iPhone.Build.0 = Debug|x86
		{2ADB3F86-0DB4-4B5D-AC5C-EF4AEFC0E6E1}.Debug|iPhone.Deploy.0 = Debug|x86
		{2ADB3F86-0DB4-4B5D-AC5C-EF4AEFC0E6E1}.Debug|iPhoneSimulator.ActiveCfg = Debug|x86
		{2ADB3F86-0DB4-4B5D-AC5C-EF4AEFC0E6E1}.Debug|iPhoneSimulator.Build.0 = Debug|x86
		{2ADB3F86-0DB4-4B5D-AC5C-EF4AEFC0E6E1}.Debug|iPhoneSimulator.Deploy.0 = Debug|x86
		{2ADB3F86-0DB4-4B5D-AC5C-EF4AEFC0E6E1}.Debug|x64.ActiveCfg = Debug|x64
		{2ADB3F86-0DB4-4B5D-AC5C-EF4AEFC0E6E1}.Debug|x64.Build.0 = Debug|x64
		{2ADB3F86-0DB4-4B5D-AC5C-EF4AEFC0E6E1}.Debug|x64.Deploy.0 = Debug|x64
		{2ADB3F86-0DB4-4B5D-AC5C-EF4AEFC0E6E1}.Debug|x86.ActiveCfg = Debug|x86
		{2ADB3F86-0DB4-4B5D-AC5C-EF4AEFC0E6E1}.Debug|x86.Build.0 = Debug|x86
		{2ADB3F86-0DB4-4B5D-AC5C-EF4AEFC0E6E1}.Debug|x86.Deploy.0 = Debug|x86
		{2ADB3F86-0DB4-4B5D-AC5C-EF4AEFC0E6E1}.Release|Any CPU.ActiveCfg = Release|x86
		{2ADB3F86-0DB4-4B5D-AC5C-EF4AEFC0E6E1}.Release|Any CPU.Build.0 = Release|x86
		{2ADB3F86-0DB4-4B5D-AC5C-EF4AEFC0E6E1}.Release|Any CPU.Deploy.0 = Release|x86
		{2ADB3F86-0DB4-4B5D-AC5C-EF4AEFC0E6E1}.Release|ARM.ActiveCfg = Release|ARM
		{2ADB3F86-0DB4-4B5D-AC5C-EF4AEFC0E6E1}.Release|ARM.Build.0 = Release|ARM
		{2ADB3F86-0DB4-4B5D-AC5C-EF4AEFC0E6E1}.Release|ARM.Deploy.0 = Release|ARM
		{2ADB3F86-0DB4-4B5D-AC5C-EF4AEFC0E6E1}.Release|iPhone.ActiveCfg = Release|x86
		{2ADB3F86-0DB4-4B5D-AC5C-EF4AEFC0E6E1}.Release|iPhone.Build.0 = Release|x86
		{2ADB3F86-0DB4-4B5D-AC5C-EF4AEFC0E6E1}.Release|iPhone.Deploy.0 = Release|x86
		{2ADB3F86-0DB4-4B5D-AC5C-EF4AEFC0E6E1}.Release|iPhoneSimulator.ActiveCfg = Release|x86
		{2ADB3F86-0DB4-4B5D-AC5C-EF4AEFC0E6E1}.Release|iPhoneSimulator.Build.0 = Release|x86
		{2ADB3F86-0DB4-4B5D-AC5C-EF4AEFC0E6E1}.Release|iPhoneSimulator.Deploy.0 = Release|x86
		{2ADB3F86-0DB4-4B5D-AC5C-EF4AEFC0E6E1}.Release|x64.ActiveCfg = Release|x64
		{2ADB3F86-0DB4-4B5D-AC5C-EF4AEFC0E6E1}.Release|x64.Build.0 = Release|x64
		{2ADB3F86-0DB4-4B5D-AC5C-EF4AEFC0E6E1}.Release|x64.Deploy.0 = Release|x64
		{2ADB3F86-0DB4-4B5D-AC5C-EF4AEFC0E6E1}.Release|x86.ActiveCfg = Release|x86
		{2ADB3F86-0DB4-4B5D-AC5C-EF4AEFC0E6E1}.Release|x86.Build.0 = Release|x86
		{2ADB3F86-0DB4-4B5D-AC5C-EF4AEFC0E6E1}.Release|x86.Deploy.0 = Release|x86
		{FDBF6091-72F5-446E-8EF0-1D5FE21259DC}.Ad-Hoc|Any CPU.ActiveCfg = Debug|Any CPU
		{FDBF6091-72F5-446E-8EF0-1D5FE21259DC}.Ad-Hoc|Any CPU.Build.0 = Debug|Any CPU
		{FDBF6091-72F5-446E-8EF0-1D5FE21259DC}.Ad-Hoc|Any CPU.Deploy.0 = Debug|Any CPU
		{FDBF6091-72F5-446E-8EF0-1D5FE21259DC}.Ad-Hoc|ARM.ActiveCfg = Debug|Any CPU
		{FDBF6091-72F5-446E-8EF0-1D5FE21259DC}.Ad-Hoc|ARM.Build.0 = Debug|Any CPU
		{FDBF6091-72F5-446E-8EF0-1D5FE21259DC}.Ad-Hoc|ARM.Deploy.0 = Debug|Any CPU
		{FDBF6091-72F5-446E-8EF0-1D5FE21259DC}.Ad-Hoc|iPhone.ActiveCfg = Debug|Any CPU
		{FDBF6091-72F5-446E-8EF0-1D5FE21259DC}.Ad-Hoc|iPhone.Build.0 = Debug|Any CPU
		{FDBF6091-72F5-446E-8EF0-1D5FE21259DC}.Ad-Hoc|iPhone.Deploy.0 = Debug|Any CPU
		{FDBF6091-72F5-446E-8EF0-1D5FE21259DC}.Ad-Hoc|iPhoneSimulator.ActiveCfg = Debug|Any CPU
		{FDBF6091-72F5-446E-8EF0-1D5FE21259DC}.Ad-Hoc|iPhoneSimulator.Build.0 = Debug|Any CPU
		{FDBF6091-72F5-446E-8EF0-1D5FE21259DC}.Ad-Hoc|iPhoneSimulator.Deploy.0 = Debug|Any CPU
		{FDBF6091-72F5-446E-8EF0-1D5FE21259DC}.Ad-Hoc|x64.ActiveCfg = Debug|Any CPU
		{FDBF6091-72F5-446E-8EF0-1D5FE21259DC}.Ad-Hoc|x64.Build.0 = Debug|Any CPU
		{FDBF6091-72F5-446E-8EF0-1D5FE21259DC}.Ad-Hoc|x64.Deploy.0 = Debug|Any CPU
		{FDBF6091-72F5-446E-8EF0-1D5FE21259DC}.Ad-Hoc|x86.ActiveCfg = Debug|Any CPU
		{FDBF6091-72F5-446E-8EF0-1D5FE21259DC}.Ad-Hoc|x86.Build.0 = Debug|Any CPU
		{FDBF6091-72F5-446E-8EF0-1D5FE21259DC}.Ad-Hoc|x86.Deploy.0 = Debug|Any CPU
		{FDBF6091-72F5-446E-8EF0-1D5FE21259DC}.AppStore|Any CPU.ActiveCfg = Debug|Any CPU
		{FDBF6091-72F5-446E-8EF0-1D5FE21259DC}.AppStore|Any CPU.Build.0 = Debug|Any CPU
		{FDBF6091-72F5-446E-8EF0-1D5FE21259DC}.AppStore|Any CPU.Deploy.0 = Debug|Any CPU
		{FDBF6091-72F5-446E-8EF0-1D5FE21259DC}.AppStore|ARM.ActiveCfg = Debug|Any CPU
		{FDBF6091-72F5-446E-8EF0-1D5FE21259DC}.AppStore|ARM.Build.0 = Debug|Any CPU
		{FDBF6091-72F5-446E-8EF0-1D5FE21259DC}.AppStore|ARM.Deploy.0 = Debug|Any CPU
		{FDBF6091-72F5-446E-8EF0-1D5FE21259DC}.AppStore|iPhone.ActiveCfg = Debug|Any CPU
		{FDBF6091-72F5-446E-8EF0-1D5FE21259DC}.AppStore|iPhone.Build.0 = Debug|Any CPU
		{FDBF6091-72F5-446E-8EF0-1D5FE21259DC}.AppStore|iPhone.Deploy.0 = Debug|Any CPU
		{FDBF6091-72F5-446E-8EF0-1D5FE21259DC}.AppStore|iPhoneSimulator.ActiveCfg = Debug|Any CPU
		{FDBF6091-72F5-446E-8EF0-1D5FE21259DC}.AppStore|iPhoneSimulator.Build.0 = Debug|Any CPU
		{FDBF6091-72F5-446E-8EF0-1D5FE21259DC}.AppStore|iPhoneSimulator.Deploy.0 = Debug|Any CPU
		{FDBF6091-72F5-446E-8EF0-1D5FE21259DC}.AppStore|x64.ActiveCfg = Debug|Any CPU
		{FDBF6091-72F5-446E-8EF0-1D5FE21259DC}.AppStore|x64.Build.0 = Debug|Any CPU
		{FDBF6091-72F5-446E-8EF0-1D5FE21259DC}.AppStore|x64.Deploy.0 = Debug|Any CPU
		{FDBF6091-72F5-446E-8EF0-1D5FE21259DC}.AppStore|x86.ActiveCfg = Debug|Any CPU
		{FDBF6091-72F5-446E-8EF0-1D5FE21259DC}.AppStore|x86.Build.0 = Debug|Any CPU
		{FDBF6091-72F5-446E-8EF0-1D5FE21259DC}.AppStore|x86.Deploy.0 = Debug|Any CPU
		{FDBF6091-72F5-446E-8EF0-1D5FE21259DC}.Debug|Any CPU.ActiveCfg = Debug|Any CPU
		{FDBF6091-72F5-446E-8EF0-1D5FE21259DC}.Debug|Any CPU.Build.0 = Debug|Any CPU
		{FDBF6091-72F5-446E-8EF0-1D5FE21259DC}.Debug|Any CPU.Deploy.0 = Debug|Any CPU
		{FDBF6091-72F5-446E-8EF0-1D5FE21259DC}.Debug|ARM.ActiveCfg = Debug|Any CPU
		{FDBF6091-72F5-446E-8EF0-1D5FE21259DC}.Debug|ARM.Build.0 = Debug|Any CPU
		{FDBF6091-72F5-446E-8EF0-1D5FE21259DC}.Debug|ARM.Deploy.0 = Debug|Any CPU
		{FDBF6091-72F5-446E-8EF0-1D5FE21259DC}.Debug|iPhone.ActiveCfg = Debug|Any CPU
		{FDBF6091-72F5-446E-8EF0-1D5FE21259DC}.Debug|iPhone.Build.0 = Debug|Any CPU
		{FDBF6091-72F5-446E-8EF0-1D5FE21259DC}.Debug|iPhone.Deploy.0 = Debug|Any CPU
		{FDBF6091-72F5-446E-8EF0-1D5FE21259DC}.Debug|iPhoneSimulator.ActiveCfg = Debug|Any CPU
		{FDBF6091-72F5-446E-8EF0-1D5FE21259DC}.Debug|iPhoneSimulator.Build.0 = Debug|Any CPU
		{FDBF6091-72F5-446E-8EF0-1D5FE21259DC}.Debug|iPhoneSimulator.Deploy.0 = Debug|Any CPU
		{FDBF6091-72F5-446E-8EF0-1D5FE21259DC}.Debug|x64.ActiveCfg = Debug|Any CPU
		{FDBF6091-72F5-446E-8EF0-1D5FE21259DC}.Debug|x64.Build.0 = Debug|Any CPU
		{FDBF6091-72F5-446E-8EF0-1D5FE21259DC}.Debug|x64.Deploy.0 = Debug|Any CPU
		{FDBF6091-72F5-446E-8EF0-1D5FE21259DC}.Debug|x86.ActiveCfg = Debug|Any CPU
		{FDBF6091-72F5-446E-8EF0-1D5FE21259DC}.Debug|x86.Build.0 = Debug|Any CPU
		{FDBF6091-72F5-446E-8EF0-1D5FE21259DC}.Debug|x86.Deploy.0 = Debug|Any CPU
		{FDBF6091-72F5-446E-8EF0-1D5FE21259DC}.Release|Any CPU.ActiveCfg = Release|Any CPU
		{FDBF6091-72F5-446E-8EF0-1D5FE21259DC}.Release|Any CPU.Build.0 = Release|Any CPU
		{FDBF6091-72F5-446E-8EF0-1D5FE21259DC}.Release|Any CPU.Deploy.0 = Release|Any CPU
		{FDBF6091-72F5-446E-8EF0-1D5FE21259DC}.Release|ARM.ActiveCfg = Release|Any CPU
		{FDBF6091-72F5-446E-8EF0-1D5FE21259DC}.Release|ARM.Build.0 = Release|Any CPU
		{FDBF6091-72F5-446E-8EF0-1D5FE21259DC}.Release|ARM.Deploy.0 = Release|Any CPU
		{FDBF6091-72F5-446E-8EF0-1D5FE21259DC}.Release|iPhone.ActiveCfg = Release|Any CPU
		{FDBF6091-72F5-446E-8EF0-1D5FE21259DC}.Release|iPhone.Build.0 = Release|Any CPU
		{FDBF6091-72F5-446E-8EF0-1D5FE21259DC}.Release|iPhone.Deploy.0 = Release|Any CPU
		{FDBF6091-72F5-446E-8EF0-1D5FE21259DC}.Release|iPhoneSimulator.ActiveCfg = Release|Any CPU
		{FDBF6091-72F5-446E-8EF0-1D5FE21259DC}.Release|iPhoneSimulator.Build.0 = Release|Any CPU
		{FDBF6091-72F5-446E-8EF0-1D5FE21259DC}.Release|iPhoneSimulator.Deploy.0 = Release|Any CPU
		{FDBF6091-72F5-446E-8EF0-1D5FE21259DC}.Release|x64.ActiveCfg = Release|Any CPU
		{FDBF6091-72F5-446E-8EF0-1D5FE21259DC}.Release|x64.Build.0 = Release|Any CPU
		{FDBF6091-72F5-446E-8EF0-1D5FE21259DC}.Release|x64.Deploy.0 = Release|Any CPU
		{FDBF6091-72F5-446E-8EF0-1D5FE21259DC}.Release|x86.ActiveCfg = Release|Any CPU
		{FDBF6091-72F5-446E-8EF0-1D5FE21259DC}.Release|x86.Build.0 = Release|Any CPU
		{FDBF6091-72F5-446E-8EF0-1D5FE21259DC}.Release|x86.Deploy.0 = Release|Any CPU
	EndGlobalSection
	GlobalSection(SolutionProperties) = preSolution
		HideSolutionNode = FALSE
	EndGlobalSection
	GlobalSection(ExtensibilityGlobals) = postSolution
		SolutionGuid = {354B2BD0-7158-4524-AD05-71FCE85DD655}
	EndGlobalSection
EndGlobal
